// !$*UTF8*$!
{
	archiveVersion = 1;
	classes = {
	};
	objectVersion = 56;
	objects = {

/* Begin PBXBuildFile section */
		FA04E40B3030DF6700EFF932 /* Ruleenginecontracttests.swift in Sources */ = {isa = PBXBuildFile; fileRef = FA04E40A3030DF6700EFF932 /* Ruleenginecontracttests.swift */; };
		FA04E40D3030E00A00EFF932 /* Llmresponseparsingpropertytests .swift in Sources */ = {isa = PBXBuildFile; fileRef = FA04E40C3030E00A00EFF932 /* Llmresponseparsingpropertytests .swift */; };
		FA04E40F30324CF100EFF932 /* SleepRecordTests.swift in Sources */ = {isa = PBXBuildFile; fileRef = FA04E40E30324CF100EFF932 /* SleepRecordTests.swift */; };
		FA04E41130324F1100EFF932 /* SleepStoreTests.swift in Sources */ = {isa = PBXBuildFile; fileRef = FA04E41030324F1100EFF932 /* SleepStoreTests.swift */; };
		FA04E42330324F1100EFF932 /* SleepRecordPersistenceTests.swift in Sources */ = {isa = PBXBuildFile; fileRef = FA04E42230324F1100EFF932 /* SleepRecordPersistenceTests.swift */; };
		FA04E42530324F1100EFF932 /* SleepOverviewCalculatorTests.swift in Sources */ = {isa = PBXBuildFile; fileRef = FA04E42430324F1100EFF932 /* SleepOverviewCalculatorTests.swift */; };
		FA04E42730324F1100EFF932 /* DailyWakeRecordPersistenceTests.swift in Sources */ = {isa = PBXBuildFile; fileRef = FA04E42630324F1100EFF932 /* DailyWakeRecordPersistenceTests.swift */; };
		FA04E4133032501500EFF932 /* DayDetailViewModelTests.swift in Sources */ = {isa = PBXBuildFile; fileRef = FA04E4123032501500EFF932 /* DayDetailViewModelTests.swift */; };
		FA04E415303252AC00EFF932 /* AuthFlowTests.swift in Sources */ = {isa = PBXBuildFile; fileRef = FA04E414303252AC00EFF932 /* AuthFlowTests.swift */; };
		FA04E4173032567000EFF932 /* SleepListViewModelTests.swift in Sources */ = {isa = PBXBuildFile; fileRef = FA04E4163032567000EFF932 /* SleepListViewModelTests.swift */; };
		FA04E4213032567000EFF932 /* SleepTimelineCalculatorTests.swift in Sources */ = {isa = PBXBuildFile; fileRef = FA04E4203032567000EFF932 /* SleepTimelineCalculatorTests.swift */; };
		FA04E4193032585000EFF932 /* DailyWakeRecordTests.swift in Sources */ = {isa = PBXBuildFile; fileRef = FA04E4183032585000EFF932 /* DailyWakeRecordTests.swift */; };
		FA04E41B303258E800EFF932 /* SegmentKindTests.swift in Sources */ = {isa = PBXBuildFile; fileRef = FA04E41A303258E800EFF932 /* SegmentKindTests.swift */; };
		FA04E41D30325A6900EFF932 /* TimeFormatTests.swift in Sources */ = {isa = PBXBuildFile; fileRef = FA04E41C30325A6900EFF932 /* TimeFormatTests.swift */; };
		FA04E41F30325C8700EFF932 /* AgeBasedSleepProfileTests.swift in Sources */ = {isa = PBXBuildFile; fileRef = FA04E41E30325C8600EFF932 /* AgeBasedSleepProfileTests.swift */; };
		FA41DF5830326067005F63A3 /* SleepCoachOrchestratorTests.swift in Sources */ = {isa = PBXBuildFile; fileRef = FA41DF5730326067005F63A3 /* SleepCoachOrchestratorTests.swift */; };
		FA41DF5A30326396005F63A3 /* InsightAgentTests.swift in Sources */ = {isa = PBXBuildFile; fileRef = FA41DF5930326396005F63A3 /* InsightAgentTests.swift */; };
		FA41DF5C303264BF005F63A3 /* NapTransitionAgentTests.swift in Sources */ = {isa = PBXBuildFile; fileRef = FA41DF5B303264BF005F63A3 /* NapTransitionAgentTests.swift */; };
		FA41DF5E303380BF005F63A3 /* DaytimePredictionAgentTests.swift in Sources */ = {isa = PBXBuildFile; fileRef = FA41DF5D303380BF005F63A3 /* DaytimePredictionAgentTests.swift */; };
		FA41DF60303382D9005F63A3 /* OvertiredCalculatorTests.swift in Sources */ = {isa = PBXBuildFile; fileRef = FA41DF5F303382D9005F63A3 /* OvertiredCalculatorTests.swift */; };
		FA41DF623033849F005F63A3 /* NightPredictionAgentTests.swift in Sources */ = {isa = PBXBuildFile; fileRef = FA41DF613033849F005F63A3 /* NightPredictionAgentTests.swift */; };
		FA41DF64303396B4005F63A3 /* BabyAgeCalculator.swift in Sources */ = {isa = PBXBuildFile; fileRef = FA41DF63303396B4005F63A3 /* BabyAgeCalculator.swift */; };
		FA41DF663033B1DD005F63A3 /* Patternagentcontracttests.swift in Sources */ = {isa = PBXBuildFile; fileRef = FA41DF653033B1DD005F63A3 /* Patternagentcontracttests.swift */; };
		FA41DF683033B5D4005F63A3 /* BabyAgeCalculatorTests.swift in Sources */ = {isa = PBXBuildFile; fileRef = FA41DF673033B5D4005F63A3 /* BabyAgeCalculatorTests.swift */; };
		FA5488CB2FAEB831002BC18B /* SleepAPI.swift in Sources */ = {isa = PBXBuildFile; fileRef = FA5488CA2FAEB831002BC18B /* SleepAPI.swift */; };
		FA5488D32FAEB964002BC18B /* BabySleepTrackerTests.swift in Sources */ = {isa = PBXBuildFile; fileRef = FA5488D22FAEB964002BC18B /* BabySleepTrackerTests.swift */; };
		FA5488DA2FAEB98D002BC18B /* AddRecorViewModelTests.swift in Sources */ = {isa = PBXBuildFile; fileRef = FA5488D92FAEB98D002BC18B /* AddRecorViewModelTests.swift */; };
		FA5488DC2FAEBBD4002BC18B /* SleepAPITests.swift in Sources */ = {isa = PBXBuildFile; fileRef = FA5488DB2FAEBBD4002BC18B /* SleepAPITests.swift */; };
		FA7232D92FDCC73400647487 /* AgeBasedSleepProfile.swift in Sources */ = {isa = PBXBuildFile; fileRef = FA7232D82FDCC73400647487 /* AgeBasedSleepProfile.swift */; };
		FA7232DB2FDCC7AE00647487 /* OvertiredCalculator.swift in Sources */ = {isa = PBXBuildFile; fileRef = FA7232DA2FDCC7AE00647487 /* OvertiredCalculator.swift */; };
		FA7232DD2FDCC80200647487 /* NapTransitionAgent.swift in Sources */ = {isa = PBXBuildFile; fileRef = FA7232DC2FDCC80200647487 /* NapTransitionAgent.swift */; };
		FA7232DF2FDCC8EC00647487 /* DaytimePredictionAgent.swift in Sources */ = {isa = PBXBuildFile; fileRef = FA7232DE2FDCC8EC00647487 /* DaytimePredictionAgent.swift */; };
		FA7232E12FDCCB1D00647487 /* NightPredictionAgent.swift in Sources */ = {isa = PBXBuildFile; fileRef = FA7232E02FDCCB1D00647487 /* NightPredictionAgent.swift */; };
		FA7232E32FDCCC6500647487 /* Date+Extensions.swift in Sources */ = {isa = PBXBuildFile; fileRef = FA7232E22FDCCC6500647487 /* Date+Extensions.swift */; };
		FA7232E52FDCCD6000647487 /* SleepCoachOrchestrator.swift in Sources */ = {isa = PBXBuildFile; fileRef = FA7232E42FDCCD6000647487 /* SleepCoachOrchestrator.swift */; };
		FA7232E72FDD8D6D00647487 /* SleepCoachLLMAgent.swift in Sources */ = {isa = PBXBuildFile; fileRef = FA7232E62FDD8D6D00647487 /* SleepCoachLLMAgent.swift */; };
		FA7232EA2FDD8F2B00647487 /* APIConfig.swift in Sources */ = {isa = PBXBuildFile; fileRef = FA7232E92FDD8F2B00647487 /* APIConfig.swift */; };
		FA75A60D2FE60671008CA09C /* DailyWakeRecord.swift in Sources */ = {isa = PBXBuildFile; fileRef = FA75A60C2FE60671008CA09C /* DailyWakeRecord.swift */; };
		FA91C5E02FDB46270089E1EE /* SleepMemoryStore.swift in Sources */ = {isa = PBXBuildFile; fileRef = FA91C5DF2FDB46270089E1EE /* SleepMemoryStore.swift */; };
		FA91C5E82FDB472E0089E1EE /* InsightAgent.swift in Sources */ = {isa = PBXBuildFile; fileRef = FA91C5E72FDB472E0089E1EE /* InsightAgent.swift */; };
		FA9DB0992FD37964000B9211 /* ContentView.swift in Sources */ = {isa = PBXBuildFile; fileRef = FA9DB0982FD37964000B9211 /* ContentView.swift */; };
		FA9DB09B2FD44532000B9211 /* HistoryView.swift in Sources */ = {isa = PBXBuildFile; fileRef = FA9DB09A2FD44532000B9211 /* HistoryView.swift */; };
		FA9DB09D2FD44997000B9211 /* InsightView.swift in Sources */ = {isa = PBXBuildFile; fileRef = FA9DB09C2FD44997000B9211 /* InsightView.swift */; };
		FA9DB09F2FD44B3F000B9211 /* SettingView.swift in Sources */ = {isa = PBXBuildFile; fileRef = FA9DB09E2FD44B3F000B9211 /* SettingView.swift */; };
		FA9DB0A32FD49E6B000B9211 /* LoginView.swift in Sources */ = {isa = PBXBuildFile; fileRef = FA9DB0A22FD49E6B000B9211 /* LoginView.swift */; };
		FA9DB0A52FD49E91000B9211 /* LandingView.swift in Sources */ = {isa = PBXBuildFile; fileRef = FA9DB0A42FD49E91000B9211 /* LandingView.swift */; };
		FA9DB0A72FD49EB9000B9211 /* AuthFlow.swift in Sources */ = {isa = PBXBuildFile; fileRef = FA9DB0A62FD49EB9000B9211 /* AuthFlow.swift */; };
		FA9DB0A92FD49ED4000B9211 /* CreateAccountView.swift in Sources */ = {isa = PBXBuildFile; fileRef = FA9DB0A82FD49ED4000B9211 /* CreateAccountView.swift */; };
		FAAD82CE2FDBCDF100F0FBC6 /* PhaseAgent.swift in Sources */ = {isa = PBXBuildFile; fileRef = FAAD82CD2FDBCDF100F0FBC6 /* PhaseAgent.swift */; };
		FAAD82D02FDBCE3C00F0FBC6 /* PhaseAgentProtocol.swift in Sources */ = {isa = PBXBuildFile; fileRef = FAAD82CF2FDBCE3C00F0FBC6 /* PhaseAgentProtocol.swift */; };
		FAB4BAFC2FE11F9800702F49 /* ProfileEditSheet.swift in Sources */ = {isa = PBXBuildFile; fileRef = FAB4BAFB2FE11F9700702F49 /* ProfileEditSheet.swift */; };
		FAB4BAFF2FE1D59700702F49 /* GoogleGenerativeAI in Frameworks */ = {isa = PBXBuildFile; productRef = FAB4BAFE2FE1D59700702F49 /* GoogleGenerativeAI */; };
		FAB4BB012FE204A200702F49 /* APIConfig.xcconfig in Resources */ = {isa = PBXBuildFile; fileRef = FAB4BB002FE204A200702F49 /* APIConfig.xcconfig */; };
		FAD9C3722FDBD0CA00A7D9B7 /* PatternAgent.swift in Sources */ = {isa = PBXBuildFile; fileRef = FAD9C3712FDBD0CA00A7D9B7 /* PatternAgent.swift */; };
		FAD9C3742FDBD14100A7D9B7 /* PatternAgentProtocol.swift in Sources */ = {isa = PBXBuildFile; fileRef = FAD9C3732FDBD14100A7D9B7 /* PatternAgentProtocol.swift */; };
		FAE100022FF9000100ABCDEF /* Components/CurrentSleepSessionCard.swift in Sources */ = {isa = PBXBuildFile; fileRef = FAE100012FF9000100ABCDEF /* Components/CurrentSleepSessionCard.swift */; };
		FAEF10442F4E207F00E76FD4 /* BabySleepTrackerApp.swift in Sources */ = {isa = PBXBuildFile; fileRef = FAEF10432F4E207F00E76FD4 /* BabySleepTrackerApp.swift */; };
		FAEF10462F4E207F00E76FD4 /* SleepListView.swift in Sources */ = {isa = PBXBuildFile; fileRef = FAEF10452F4E207F00E76FD4 /* SleepListView.swift */; };
		FAEF10482F4E208000E76FD4 /* Assets.xcassets in Resources */ = {isa = PBXBuildFile; fileRef = FAEF10472F4E208000E76FD4 /* Assets.xcassets */; };
		FAEF104B2F4E208000E76FD4 /* Preview Assets.xcassets in Resources */ = {isa = PBXBuildFile; fileRef = FAEF104A2F4E208000E76FD4 /* Preview Assets.xcassets */; };
		FAEF104D2F4E208000E76FD4 /* SleepStore.swift in Sources */ = {isa = PBXBuildFile; fileRef = FAEF104C2F4E208000E76FD4 /* SleepStore.swift */; };
		FAEF10762F530D3100E76FD4 /* SleepRecordPersistence.swift in Sources */ = {isa = PBXBuildFile; fileRef = FAEF10752F530D3100E76FD4 /* SleepRecordPersistence.swift */; };
		FAEF10782F530D3100E76FD4 /* SleepOverviewCalculator.swift in Sources */ = {isa = PBXBuildFile; fileRef = FAEF10772F530D3100E76FD4 /* SleepOverviewCalculator.swift */; };
		FAEF107A2F530D3100E76FD4 /* DailyWakeRecordPersistence.swift in Sources */ = {isa = PBXBuildFile; fileRef = FAEF10792F530D3100E76FD4 /* DailyWakeRecordPersistence.swift */; };
		FAEF10742F530D3100E76FD4 /* SleepTimelineCalculator.swift in Sources */ = {isa = PBXBuildFile; fileRef = FAEF10732F530D3100E76FD4 /* SleepTimelineCalculator.swift */; };
		FAEF10502F4E208000E76FD4 /* BabySleepTracker.xcdatamodeld in Sources */ = {isa = PBXBuildFile; fileRef = FAEF104E2F4E208000E76FD4 /* BabySleepTracker.xcdatamodeld */; };
		FAEF10572F4E20BC00E76FD4 /* DayDetailView.swift in Sources */ = {isa = PBXBuildFile; fileRef = FAEF10562F4E20BC00E76FD4 /* DayDetailView.swift */; };
		FAEF10592F4E20D600E76FD4 /* AddRecordView.swift in Sources */ = {isa = PBXBuildFile; fileRef = FAEF10582F4E20D600E76FD4 /* AddRecordView.swift */; };
		FAEF105B2F4E210600E76FD4 /* SleepRecord.swift in Sources */ = {isa = PBXBuildFile; fileRef = FAEF105A2F4E210600E76FD4 /* SleepRecord.swift */; };
		FAEF105D2F4E212F00E76FD4 /* TimeFormat.swift in Sources */ = {isa = PBXBuildFile; fileRef = FAEF105C2F4E212F00E76FD4 /* TimeFormat.swift */; };
		FAEF10642F4E284100E76FD4 /* SleepKind.swift in Sources */ = {isa = PBXBuildFile; fileRef = FAEF10632F4E284100E76FD4 /* SleepKind.swift */; };
		FAEF10662F4E5A1E00E76FD4 /* SleepListViewModel.swift in Sources */ = {isa = PBXBuildFile; fileRef = FAEF10652F4E5A1E00E76FD4 /* SleepListViewModel.swift */; };
		FAEF10682F4E5A7200E76FD4 /* AddRecordViewModel.swift in Sources */ = {isa = PBXBuildFile; fileRef = FAEF10672F4E5A7200E76FD4 /* AddRecordViewModel.swift */; };
		FAEF106A2F4E5D0100E76FD4 /* DayDetailViewModel.swift in Sources */ = {isa = PBXBuildFile; fileRef = FAEF10692F4E5D0100E76FD4 /* DayDetailViewModel.swift */; };
		FAEF106C2F4FA0C800E76FD4 /* SegmentKind.swift in Sources */ = {isa = PBXBuildFile; fileRef = FAEF106B2F4FA0C800E76FD4 /* SegmentKind.swift */; };
		FAEF106E2F53066D00E76FD4 /* AddBreakView.swift in Sources */ = {isa = PBXBuildFile; fileRef = FAEF106D2F53066D00E76FD4 /* AddBreakView.swift */; };
		FAEF10702F530D3100E76FD4 /* SleepRecordRow.swift in Sources */ = {isa = PBXBuildFile; fileRef = FAEF106F2F530D3100E76FD4 /* SleepRecordRow.swift */; };
		FAEF10722F536DB200E76FD4 /* NapPickerView.swift in Sources */ = {isa = PBXBuildFile; fileRef = FAEF10712F536DB200E76FD4 /* NapPickerView.swift */; };
/* End PBXBuildFile section */

/* Begin PBXContainerItemProxy section */
		FA5488D42FAEB964002BC18B /* PBXContainerItemProxy */ = {
			isa = PBXContainerItemProxy;
			containerPortal = FAEF10382F4E207F00E76FD4 /* Project object */;
			proxyType = 1;
			remoteGlobalIDString = FAEF103F2F4E207F00E76FD4;
			remoteInfo = BabySleepTracker;
		};
/* End PBXContainerItemProxy section */

/* Begin PBXFileReference section */
		FA04E40A3030DF6700EFF932 /* Ruleenginecontracttests.swift */ = {isa = PBXFileReference; lastKnownFileType = sourcecode.swift; path = Ruleenginecontracttests.swift; sourceTree = "<group>"; };
		FA04E40C3030E00A00EFF932 /* Llmresponseparsingpropertytests .swift */ = {isa = PBXFileReference; lastKnownFileType = sourcecode.swift; path = "Llmresponseparsingpropertytests .swift"; sourceTree = "<group>"; };
		FA04E40E30324CF100EFF932 /* SleepRecordTests.swift */ = {isa = PBXFileReference; lastKnownFileType = sourcecode.swift; path = SleepRecordTests.swift; sourceTree = "<group>"; };
		FA04E41030324F1100EFF932 /* SleepStoreTests.swift */ = {isa = PBXFileReference; lastKnownFileType = sourcecode.swift; path = SleepStoreTests.swift; sourceTree = "<group>"; };
		FA04E42230324F1100EFF932 /* SleepRecordPersistenceTests.swift */ = {isa = PBXFileReference; lastKnownFileType = sourcecode.swift; path = SleepRecordPersistenceTests.swift; sourceTree = "<group>"; };
		FA04E42430324F1100EFF932 /* SleepOverviewCalculatorTests.swift */ = {isa = PBXFileReference; lastKnownFileType = sourcecode.swift; path = SleepOverviewCalculatorTests.swift; sourceTree = "<group>"; };
		FA04E42630324F1100EFF932 /* DailyWakeRecordPersistenceTests.swift */ = {isa = PBXFileReference; lastKnownFileType = sourcecode.swift; path = DailyWakeRecordPersistenceTests.swift; sourceTree = "<group>"; };
		FA04E4123032501500EFF932 /* DayDetailViewModelTests.swift */ = {isa = PBXFileReference; lastKnownFileType = sourcecode.swift; path = DayDetailViewModelTests.swift; sourceTree = "<group>"; };
		FA04E414303252AC00EFF932 /* AuthFlowTests.swift */ = {isa = PBXFileReference; lastKnownFileType = sourcecode.swift; path = AuthFlowTests.swift; sourceTree = "<group>"; };
		FA04E4163032567000EFF932 /* SleepListViewModelTests.swift */ = {isa = PBXFileReference; lastKnownFileType = sourcecode.swift; path = SleepListViewModelTests.swift; sourceTree = "<group>"; };
		FA04E4203032567000EFF932 /* SleepTimelineCalculatorTests.swift */ = {isa = PBXFileReference; lastKnownFileType = sourcecode.swift; path = SleepTimelineCalculatorTests.swift; sourceTree = "<group>"; };
		FA04E4183032585000EFF932 /* DailyWakeRecordTests.swift */ = {isa = PBXFileReference; lastKnownFileType = sourcecode.swift; path = DailyWakeRecordTests.swift; sourceTree = "<group>"; };
		FA04E41A303258E800EFF932 /* SegmentKindTests.swift */ = {isa = PBXFileReference; lastKnownFileType = sourcecode.swift; path = SegmentKindTests.swift; sourceTree = "<group>"; };
		FA04E41C30325A6900EFF932 /* TimeFormatTests.swift */ = {isa = PBXFileReference; lastKnownFileType = sourcecode.swift; path = TimeFormatTests.swift; sourceTree = "<group>"; };
		FA04E41E30325C8600EFF932 /* AgeBasedSleepProfileTests.swift */ = {isa = PBXFileReference; lastKnownFileType = sourcecode.swift; path = AgeBasedSleepProfileTests.swift; sourceTree = "<group>"; };
		FA41DF5730326067005F63A3 /* SleepCoachOrchestratorTests.swift */ = {isa = PBXFileReference; lastKnownFileType = sourcecode.swift; path = SleepCoachOrchestratorTests.swift; sourceTree = "<group>"; };
		FA41DF5930326396005F63A3 /* InsightAgentTests.swift */ = {isa = PBXFileReference; lastKnownFileType = sourcecode.swift; path = InsightAgentTests.swift; sourceTree = "<group>"; };
		FA41DF5B303264BF005F63A3 /* NapTransitionAgentTests.swift */ = {isa = PBXFileReference; lastKnownFileType = sourcecode.swift; path = NapTransitionAgentTests.swift; sourceTree = "<group>"; };
		FA41DF5D303380BF005F63A3 /* DaytimePredictionAgentTests.swift */ = {isa = PBXFileReference; lastKnownFileType = sourcecode.swift; path = DaytimePredictionAgentTests.swift; sourceTree = "<group>"; };
		FA41DF5F303382D9005F63A3 /* OvertiredCalculatorTests.swift */ = {isa = PBXFileReference; lastKnownFileType = sourcecode.swift; path = OvertiredCalculatorTests.swift; sourceTree = "<group>"; };
		FA41DF613033849F005F63A3 /* NightPredictionAgentTests.swift */ = {isa = PBXFileReference; lastKnownFileType = sourcecode.swift; path = NightPredictionAgentTests.swift; sourceTree = "<group>"; };
		FA41DF63303396B4005F63A3 /* BabyAgeCalculator.swift */ = {isa = PBXFileReference; lastKnownFileType = sourcecode.swift; path = BabyAgeCalculator.swift; sourceTree = "<group>"; };
		FA41DF653033B1DD005F63A3 /* Patternagentcontracttests.swift */ = {isa = PBXFileReference; lastKnownFileType = sourcecode.swift; path = Patternagentcontracttests.swift; sourceTree = "<group>"; };
		FA41DF673033B5D4005F63A3 /* BabyAgeCalculatorTests.swift */ = {isa = PBXFileReference; lastKnownFileType = sourcecode.swift; path = BabyAgeCalculatorTests.swift; sourceTree = "<group>"; };
		FA5488CA2FAEB831002BC18B /* SleepAPI.swift */ = {isa = PBXFileReference; fileEncoding = 4; lastKnownFileType = sourcecode.swift; path = SleepAPI.swift; sourceTree = "<group>"; };
		FA5488D02FAEB964002BC18B /* BabySleepTrackerTests.xctest */ = {isa = PBXFileReference; explicitFileType = wrapper.cfbundle; includeInIndex = 0; path = BabySleepTrackerTests.xctest; sourceTree = BUILT_PRODUCTS_DIR; };
		FA5488D22FAEB964002BC18B /* BabySleepTrackerTests.swift */ = {isa = PBXFileReference; lastKnownFileType = sourcecode.swift; path = BabySleepTrackerTests.swift; sourceTree = "<group>"; };
		FA5488D92FAEB98D002BC18B /* AddRecorViewModelTests.swift */ = {isa = PBXFileReference; lastKnownFileType = sourcecode.swift; path = AddRecorViewModelTests.swift; sourceTree = "<group>"; };
		FA5488DB2FAEBBD4002BC18B /* SleepAPITests.swift */ = {isa = PBXFileReference; lastKnownFileType = sourcecode.swift; path = SleepAPITests.swift; sourceTree = "<group>"; };
		FA7232D82FDCC73400647487 /* AgeBasedSleepProfile.swift */ = {isa = PBXFileReference; lastKnownFileType = sourcecode.swift; path = AgeBasedSleepProfile.swift; sourceTree = "<group>"; };
		FA7232DA2FDCC7AE00647487 /* OvertiredCalculator.swift */ = {isa = PBXFileReference; lastKnownFileType = sourcecode.swift; path = OvertiredCalculator.swift; sourceTree = "<group>"; };
		FA7232DC2FDCC80200647487 /* NapTransitionAgent.swift */ = {isa = PBXFileReference; lastKnownFileType = sourcecode.swift; path = NapTransitionAgent.swift; sourceTree = "<group>"; };
		FA7232DE2FDCC8EC00647487 /* DaytimePredictionAgent.swift */ = {isa = PBXFileReference; lastKnownFileType = sourcecode.swift; path = DaytimePredictionAgent.swift; sourceTree = "<group>"; };
		FA7232E02FDCCB1D00647487 /* NightPredictionAgent.swift */ = {isa = PBXFileReference; lastKnownFileType = sourcecode.swift; path = NightPredictionAgent.swift; sourceTree = "<group>"; };
		FA7232E22FDCCC6500647487 /* Date+Extensions.swift */ = {isa = PBXFileReference; lastKnownFileType = sourcecode.swift; path = "Date+Extensions.swift"; sourceTree = "<group>"; };
		FA7232E42FDCCD6000647487 /* SleepCoachOrchestrator.swift */ = {isa = PBXFileReference; lastKnownFileType = sourcecode.swift; path = SleepCoachOrchestrator.swift; sourceTree = "<group>"; };
		FA7232E62FDD8D6D00647487 /* SleepCoachLLMAgent.swift */ = {isa = PBXFileReference; lastKnownFileType = sourcecode.swift; path = SleepCoachLLMAgent.swift; sourceTree = "<group>"; };
		FA7232E92FDD8F2B00647487 /* APIConfig.swift */ = {isa = PBXFileReference; lastKnownFileType = sourcecode.swift; path = APIConfig.swift; sourceTree = "<group>"; };
		FA75A60C2FE60671008CA09C /* DailyWakeRecord.swift */ = {isa = PBXFileReference; lastKnownFileType = sourcecode.swift; path = DailyWakeRecord.swift; sourceTree = "<group>"; };
		FA91C5DF2FDB46270089E1EE /* SleepMemoryStore.swift */ = {isa = PBXFileReference; lastKnownFileType = sourcecode.swift; path = SleepMemoryStore.swift; sourceTree = "<group>"; };
		FA91C5E72FDB472E0089E1EE /* InsightAgent.swift */ = {isa = PBXFileReference; lastKnownFileType = sourcecode.swift; path = InsightAgent.swift; sourceTree = "<group>"; };
		FA9DB0982FD37964000B9211 /* ContentView.swift */ = {isa = PBXFileReference; lastKnownFileType = sourcecode.swift; path = ContentView.swift; sourceTree = "<group>"; };
		FA9DB09A2FD44532000B9211 /* HistoryView.swift */ = {isa = PBXFileReference; lastKnownFileType = sourcecode.swift; path = HistoryView.swift; sourceTree = "<group>"; };
		FA9DB09C2FD44997000B9211 /* InsightView.swift */ = {isa = PBXFileReference; lastKnownFileType = sourcecode.swift; path = InsightView.swift; sourceTree = "<group>"; };
		FA9DB09E2FD44B3F000B9211 /* SettingView.swift */ = {isa = PBXFileReference; lastKnownFileType = sourcecode.swift; path = SettingView.swift; sourceTree = "<group>"; };
		FA9DB0A22FD49E6B000B9211 /* LoginView.swift */ = {isa = PBXFileReference; lastKnownFileType = sourcecode.swift; path = LoginView.swift; sourceTree = "<group>"; };
		FA9DB0A42FD49E91000B9211 /* LandingView.swift */ = {isa = PBXFileReference; lastKnownFileType = sourcecode.swift; path = LandingView.swift; sourceTree = "<group>"; };
		FA9DB0A62FD49EB9000B9211 /* AuthFlow.swift */ = {isa = PBXFileReference; lastKnownFileType = sourcecode.swift; path = AuthFlow.swift; sourceTree = "<group>"; };
		FA9DB0A82FD49ED4000B9211 /* CreateAccountView.swift */ = {isa = PBXFileReference; lastKnownFileType = sourcecode.swift; path = CreateAccountView.swift; sourceTree = "<group>"; };
		FAAD82CD2FDBCDF100F0FBC6 /* PhaseAgent.swift */ = {isa = PBXFileReference; lastKnownFileType = sourcecode.swift; path = PhaseAgent.swift; sourceTree = "<group>"; };
		FAAD82CF2FDBCE3C00F0FBC6 /* PhaseAgentProtocol.swift */ = {isa = PBXFileReference; lastKnownFileType = sourcecode.swift; path = PhaseAgentProtocol.swift; sourceTree = "<group>"; };
		FAB4BAFB2FE11F9700702F49 /* ProfileEditSheet.swift */ = {isa = PBXFileReference; lastKnownFileType = sourcecode.swift; path = ProfileEditSheet.swift; sourceTree = "<group>"; };
		FAB4BB002FE204A200702F49 /* APIConfig.xcconfig */ = {isa = PBXFileReference; lastKnownFileType = text.xcconfig; path = APIConfig.xcconfig; sourceTree = "<group>"; };
		FAB4BB052FE2059000702F49 /* Info.plist */ = {isa = PBXFileReference; lastKnownFileType = text.plist; path = Info.plist; sourceTree = "<group>"; };
		FAD9C3712FDBD0CA00A7D9B7 /* PatternAgent.swift */ = {isa = PBXFileReference; lastKnownFileType = sourcecode.swift; path = PatternAgent.swift; sourceTree = "<group>"; };
		FAD9C3732FDBD14100A7D9B7 /* PatternAgentProtocol.swift */ = {isa = PBXFileReference; lastKnownFileType = sourcecode.swift; path = PatternAgentProtocol.swift; sourceTree = "<group>"; };
		FAE100012FF9000100ABCDEF /* Components/CurrentSleepSessionCard.swift */ = {isa = PBXFileReference; lastKnownFileType = sourcecode.swift; path = Components/CurrentSleepSessionCard.swift; sourceTree = "<group>"; };
		FAEF10402F4E207F00E76FD4 /* BabySleepTracker.app */ = {isa = PBXFileReference; explicitFileType = wrapper.application; includeInIndex = 0; path = BabySleepTracker.app; sourceTree = BUILT_PRODUCTS_DIR; };
		FAEF10432F4E207F00E76FD4 /* BabySleepTrackerApp.swift */ = {isa = PBXFileReference; lastKnownFileType = sourcecode.swift; path = BabySleepTrackerApp.swift; sourceTree = "<group>"; };
		FAEF10452F4E207F00E76FD4 /* SleepListView.swift */ = {isa = PBXFileReference; lastKnownFileType = sourcecode.swift; path = SleepListView.swift; sourceTree = "<group>"; };
		FAEF10472F4E208000E76FD4 /* Assets.xcassets */ = {isa = PBXFileReference; lastKnownFileType = folder.assetcatalog; path = Assets.xcassets; sourceTree = "<group>"; };
		FAEF104A2F4E208000E76FD4 /* Preview Assets.xcassets */ = {isa = PBXFileReference; lastKnownFileType = folder.assetcatalog; path = "Preview Assets.xcassets"; sourceTree = "<group>"; };
		FAEF104C2F4E208000E76FD4 /* SleepStore.swift */ = {isa = PBXFileReference; lastKnownFileType = sourcecode.swift; path = SleepStore.swift; sourceTree = "<group>"; };
		FAEF10752F530D3100E76FD4 /* SleepRecordPersistence.swift */ = {isa = PBXFileReference; lastKnownFileType = sourcecode.swift; path = SleepRecordPersistence.swift; sourceTree = "<group>"; };
		FAEF10772F530D3100E76FD4 /* SleepOverviewCalculator.swift */ = {isa = PBXFileReference; lastKnownFileType = sourcecode.swift; path = SleepOverviewCalculator.swift; sourceTree = "<group>"; };
		FAEF10792F530D3100E76FD4 /* DailyWakeRecordPersistence.swift */ = {isa = PBXFileReference; lastKnownFileType = sourcecode.swift; path = DailyWakeRecordPersistence.swift; sourceTree = "<group>"; };
		FAEF10732F530D3100E76FD4 /* SleepTimelineCalculator.swift */ = {isa = PBXFileReference; lastKnownFileType = sourcecode.swift; path = SleepTimelineCalculator.swift; sourceTree = "<group>"; };
		FAEF104F2F4E208000E76FD4 /* BabySleepTracker.xcdatamodel */ = {isa = PBXFileReference; lastKnownFileType = wrapper.xcdatamodel; path = BabySleepTracker.xcdatamodel; sourceTree = "<group>"; };
		FAEF10562F4E20BC00E76FD4 /* DayDetailView.swift */ = {isa = PBXFileReference; lastKnownFileType = sourcecode.swift; path = DayDetailView.swift; sourceTree = "<group>"; };
		FAEF10582F4E20D600E76FD4 /* AddRecordView.swift */ = {isa = PBXFileReference; lastKnownFileType = sourcecode.swift; path = AddRecordView.swift; sourceTree = "<group>"; };
		FAEF105A2F4E210600E76FD4 /* SleepRecord.swift */ = {isa = PBXFileReference; lastKnownFileType = sourcecode.swift; path = SleepRecord.swift; sourceTree = "<group>"; };
		FAEF105C2F4E212F00E76FD4 /* TimeFormat.swift */ = {isa = PBXFileReference; lastKnownFileType = sourcecode.swift; path = TimeFormat.swift; sourceTree = "<group>"; };
		FAEF10632F4E284100E76FD4 /* SleepKind.swift */ = {isa = PBXFileReference; lastKnownFileType = sourcecode.swift; path = SleepKind.swift; sourceTree = "<group>"; };
		FAEF10652F4E5A1E00E76FD4 /* SleepListViewModel.swift */ = {isa = PBXFileReference; lastKnownFileType = sourcecode.swift; path = SleepListViewModel.swift; sourceTree = "<group>"; };
		FAEF10672F4E5A7200E76FD4 /* AddRecordViewModel.swift */ = {isa = PBXFileReference; lastKnownFileType = sourcecode.swift; path = AddRecordViewModel.swift; sourceTree = "<group>"; };
		FAEF10692F4E5D0100E76FD4 /* DayDetailViewModel.swift */ = {isa = PBXFileReference; lastKnownFileType = sourcecode.swift; path = DayDetailViewModel.swift; sourceTree = "<group>"; };
		FAEF106B2F4FA0C800E76FD4 /* SegmentKind.swift */ = {isa = PBXFileReference; lastKnownFileType = sourcecode.swift; path = SegmentKind.swift; sourceTree = "<group>"; };
		FAEF106D2F53066D00E76FD4 /* AddBreakView.swift */ = {isa = PBXFileReference; lastKnownFileType = sourcecode.swift; path = AddBreakView.swift; sourceTree = "<group>"; };
		FAEF106F2F530D3100E76FD4 /* SleepRecordRow.swift */ = {isa = PBXFileReference; lastKnownFileType = sourcecode.swift; path = SleepRecordRow.swift; sourceTree = "<group>"; };
		FAEF10712F536DB200E76FD4 /* NapPickerView.swift */ = {isa = PBXFileReference; lastKnownFileType = sourcecode.swift; path = NapPickerView.swift; sourceTree = "<group>"; };
/* End PBXFileReference section */

/* Begin PBXFrameworksBuildPhase section */
		FA5488CD2FAEB964002BC18B /* Frameworks */ = {
			isa = PBXFrameworksBuildPhase;
			buildActionMask = 2147483647;
			files = (
			);
			runOnlyForDeploymentPostprocessing = 0;
		};
		FAEF103D2F4E207F00E76FD4 /* Frameworks */ = {
			isa = PBXFrameworksBuildPhase;
			buildActionMask = 2147483647;
			files = (
				FAB4BAFF2FE1D59700702F49 /* GoogleGenerativeAI in Frameworks */,
			);
			runOnlyForDeploymentPostprocessing = 0;
		};
/* End PBXFrameworksBuildPhase section */

/* Begin PBXGroup section */
		FA04E409302908F000EFF932 /* rules */ = {
			isa = PBXGroup;
			children = (
			);
			path = rules;
			sourceTree = "<group>";
		};
		FA5488D12FAEB964002BC18B /* BabySleepTrackerTests */ = {
			isa = PBXGroup;
			children = (
				FA5488D22FAEB964002BC18B /* BabySleepTrackerTests.swift */,
				FA5488D92FAEB98D002BC18B /* AddRecorViewModelTests.swift */,
				FA5488DB2FAEBBD4002BC18B /* SleepAPITests.swift */,
				FA04E40A3030DF6700EFF932 /* Ruleenginecontracttests.swift */,
				FA04E40C3030E00A00EFF932 /* Llmresponseparsingpropertytests .swift */,
				FA04E40E30324CF100EFF932 /* SleepRecordTests.swift */,
				FA04E41030324F1100EFF932 /* SleepStoreTests.swift */,
				FA04E42230324F1100EFF932 /* SleepRecordPersistenceTests.swift */,
				FA04E42430324F1100EFF932 /* SleepOverviewCalculatorTests.swift */,
				FA04E42630324F1100EFF932 /* DailyWakeRecordPersistenceTests.swift */,
				FA04E4123032501500EFF932 /* DayDetailViewModelTests.swift */,
				FA04E414303252AC00EFF932 /* AuthFlowTests.swift */,
				FA04E4163032567000EFF932 /* SleepListViewModelTests.swift */,
				FA04E4203032567000EFF932 /* SleepTimelineCalculatorTests.swift */,
				FA04E4183032585000EFF932 /* DailyWakeRecordTests.swift */,
				FA04E41A303258E800EFF932 /* SegmentKindTests.swift */,
				FA04E41C30325A6900EFF932 /* TimeFormatTests.swift */,
				FA04E41E30325C8600EFF932 /* AgeBasedSleepProfileTests.swift */,
				FA41DF5730326067005F63A3 /* SleepCoachOrchestratorTests.swift */,
				FA41DF5930326396005F63A3 /* InsightAgentTests.swift */,
				FA41DF5B303264BF005F63A3 /* NapTransitionAgentTests.swift */,
				FA41DF5D303380BF005F63A3 /* DaytimePredictionAgentTests.swift */,
				FA41DF5F303382D9005F63A3 /* OvertiredCalculatorTests.swift */,
				FA41DF613033849F005F63A3 /* NightPredictionAgentTests.swift */,
				FA41DF653033B1DD005F63A3 /* Patternagentcontracttests.swift */,
				FA41DF673033B5D4005F63A3 /* BabyAgeCalculatorTests.swift */,
			);
			path = BabySleepTrackerTests;
			sourceTree = "<group>";
		};
		FA7232E82FDD8F1E00647487 /* Config */ = {
			isa = PBXGroup;
			children = (
				FA7232E92FDD8F2B00647487 /* APIConfig.swift */,
			);
			path = Config;
			sourceTree = "<group>";
		};
		FA91C5EA2FDB476C0089E1EE /* Agents */ = {
			isa = PBXGroup;
			children = (
				FAD9C3762FDC386C00A7D9B7 /* Implements */,
				FAD9C3752FDC385300A7D9B7 /* Protocols */,
			);
			path = Agents;
			sourceTree = "<group>";
		};
		FA91C5EE2FDB48350089E1EE /* Memory */ = {
			isa = PBXGroup;
			children = (
				FA91C5DF2FDB46270089E1EE /* SleepMemoryStore.swift */,
			);
			path = Memory;
			sourceTree = "<group>";
		};
		FAD9C3752FDC385300A7D9B7 /* Protocols */ = {
			isa = PBXGroup;
			children = (
				FA7232D82FDCC73400647487 /* AgeBasedSleepProfile.swift */,
				FAD9C3732FDBD14100A7D9B7 /* PatternAgentProtocol.swift */,
				FAAD82CF2FDBCE3C00F0FBC6 /* PhaseAgentProtocol.swift */,
			);
			path = Protocols;
			sourceTree = "<group>";
		};
		FAD9C3762FDC386C00A7D9B7 /* Implements */ = {
			isa = PBXGroup;
			children = (
				FA7232E02FDCCB1D00647487 /* NightPredictionAgent.swift */,
				FA7232DE2FDCC8EC00647487 /* DaytimePredictionAgent.swift */,
				FA7232DC2FDCC80200647487 /* NapTransitionAgent.swift */,
				FA7232DA2FDCC7AE00647487 /* OvertiredCalculator.swift */,
				FA91C5E72FDB472E0089E1EE /* InsightAgent.swift */,
				FAD9C3712FDBD0CA00A7D9B7 /* PatternAgent.swift */,
				FAAD82CD2FDBCDF100F0FBC6 /* PhaseAgent.swift */,
				FA41DF63303396B4005F63A3 /* BabyAgeCalculator.swift */,
			);
			path = Implements;
			sourceTree = "<group>";
		};
		FAEF10372F4E207F00E76FD4 = {
			isa = PBXGroup;
			children = (
				FAB4BB002FE204A200702F49 /* APIConfig.xcconfig */,
				FAEF10422F4E207F00E76FD4 /* BabySleepTracker */,
				FA5488D12FAEB964002BC18B /* BabySleepTrackerTests */,
				FAEF10412F4E207F00E76FD4 /* Products */,
			);
			sourceTree = "<group>";
		};
		FAEF10412F4E207F00E76FD4 /* Products */ = {
			isa = PBXGroup;
			children = (
				FAEF10402F4E207F00E76FD4 /* BabySleepTracker.app */,
				FA5488D02FAEB964002BC18B /* BabySleepTrackerTests.xctest */,
			);
			name = Products;
			sourceTree = "<group>";
		};
		FAEF10422F4E207F00E76FD4 /* BabySleepTracker */ = {
			isa = PBXGroup;
			children = (
				FA04E409302908F000EFF932 /* rules */,
				FAB4BB052FE2059000702F49 /* Info.plist */,
				FAEF10432F4E207F00E76FD4 /* BabySleepTrackerApp.swift */,
				FA7232E82FDD8F1E00647487 /* Config */,
				FA91C5EE2FDB48350089E1EE /* Memory */,
				FA91C5EA2FDB476C0089E1EE /* Agents */,
				FAEF10622F4E26DA00E76FD4 /* Utils */,
				FAEF10612F4E26CE00E76FD4 /* Services */,
				FAEF10602F4E26BD00E76FD4 /* ViewModels */,
				FAEF105F2F4E26B100E76FD4 /* Views */,
				FAEF105E2F4E269E00E76FD4 /* Models */,
				FAEF10472F4E208000E76FD4 /* Assets.xcassets */,
				FAEF104E2F4E208000E76FD4 /* BabySleepTracker.xcdatamodeld */,
				FAEF10492F4E208000E76FD4 /* Preview Content */,
			);
			path = BabySleepTracker;
			sourceTree = "<group>";
		};
		FAEF10492F4E208000E76FD4 /* Preview Content */ = {
			isa = PBXGroup;
			children = (
				FAEF104A2F4E208000E76FD4 /* Preview Assets.xcassets */,
			);
			path = "Preview Content";
			sourceTree = "<group>";
		};
		FAEF105E2F4E269E00E76FD4 /* Models */ = {
			isa = PBXGroup;
			children = (
				FA75A60C2FE60671008CA09C /* DailyWakeRecord.swift */,
				FAEF106B2F4FA0C800E76FD4 /* SegmentKind.swift */,
				FAEF105A2F4E210600E76FD4 /* SleepRecord.swift */,
				FAEF10632F4E284100E76FD4 /* SleepKind.swift */,
			);
			path = Models;
			sourceTree = "<group>";
		};
		FAEF105F2F4E26B100E76FD4 /* Views */ = {
			isa = PBXGroup;
			children = (
				FA9DB0A82FD49ED4000B9211 /* CreateAccountView.swift */,
				FAB4BAFB2FE11F9700702F49 /* ProfileEditSheet.swift */,
				FA9DB0A42FD49E91000B9211 /* LandingView.swift */,
				FA9DB0A22FD49E6B000B9211 /* LoginView.swift */,
				FA9DB09E2FD44B3F000B9211 /* SettingView.swift */,
				FA9DB0982FD37964000B9211 /* ContentView.swift */,
				FA9DB09C2FD44997000B9211 /* InsightView.swift */,
				FA9DB09A2FD44532000B9211 /* HistoryView.swift */,
				FAEF106F2F530D3100E76FD4 /* SleepRecordRow.swift */,
				FAEF10712F536DB200E76FD4 /* NapPickerView.swift */,
				FAEF106D2F53066D00E76FD4 /* AddBreakView.swift */,
				FAEF10562F4E20BC00E76FD4 /* DayDetailView.swift */,
				FAEF10582F4E20D600E76FD4 /* AddRecordView.swift */,
				FAE100012FF9000100ABCDEF /* Components/CurrentSleepSessionCard.swift */,
				FAEF10452F4E207F00E76FD4 /* SleepListView.swift */,
			);
			path = Views;
			sourceTree = "<group>";
		};
		FAEF10602F4E26BD00E76FD4 /* ViewModels */ = {
			isa = PBXGroup;
			children = (
				FAEF10692F4E5D0100E76FD4 /* DayDetailViewModel.swift */,
				FAEF10652F4E5A1E00E76FD4 /* SleepListViewModel.swift */,
				FAEF10672F4E5A7200E76FD4 /* AddRecordViewModel.swift */,
			);
			path = ViewModels;
			sourceTree = "<group>";
		};
		FAEF10612F4E26CE00E76FD4 /* Services */ = {
			isa = PBXGroup;
			children = (
				FAEF10732F530D3100E76FD4 /* SleepTimelineCalculator.swift */,
				FAEF10752F530D3100E76FD4 /* SleepRecordPersistence.swift */,
				FAEF10772F530D3100E76FD4 /* SleepOverviewCalculator.swift */,
				FAEF10792F530D3100E76FD4 /* DailyWakeRecordPersistence.swift */,
				FA7232E62FDD8D6D00647487 /* SleepCoachLLMAgent.swift */,
				FA7232E42FDCCD6000647487 /* SleepCoachOrchestrator.swift */,
				FA9DB0A62FD49EB9000B9211 /* AuthFlow.swift */,
				FA5488CA2FAEB831002BC18B /* SleepAPI.swift */,
				FAEF104C2F4E208000E76FD4 /* SleepStore.swift */,
			);
			path = Services;
			sourceTree = "<group>";
		};
		FAEF10622F4E26DA00E76FD4 /* Utils */ = {
			isa = PBXGroup;
			children = (
				FA7232E22FDCCC6500647487 /* Date+Extensions.swift */,
				FAEF105C2F4E212F00E76FD4 /* TimeFormat.swift */,
			);
			path = Utils;
			sourceTree = "<group>";
		};
/* End PBXGroup section */

/* Begin PBXNativeTarget section */
		FA5488CF2FAEB964002BC18B /* BabySleepTrackerTests */ = {
			isa = PBXNativeTarget;
			buildConfigurationList = FA5488D62FAEB964002BC18B /* Build configuration list for PBXNativeTarget "BabySleepTrackerTests" */;
			buildPhases = (
				FA5488CC2FAEB964002BC18B /* Sources */,
				FA5488CD2FAEB964002BC18B /* Frameworks */,
				FA5488CE2FAEB964002BC18B /* Resources */,
			);
			buildRules = (
			);
			dependencies = (
				FA5488D52FAEB964002BC18B /* PBXTargetDependency */,
			);
			name = BabySleepTrackerTests;
			productName = BabySleepTrackerTests;
			productReference = FA5488D02FAEB964002BC18B /* BabySleepTrackerTests.xctest */;
			productType = "com.apple.product-type.bundle.unit-test";
		};
		FAEF103F2F4E207F00E76FD4 /* BabySleepTracker */ = {
			isa = PBXNativeTarget;
			buildConfigurationList = FAEF10532F4E208000E76FD4 /* Build configuration list for PBXNativeTarget "BabySleepTracker" */;
			buildPhases = (
				FAEF103C2F4E207F00E76FD4 /* Sources */,
				FAEF103D2F4E207F00E76FD4 /* Frameworks */,
				FAEF103E2F4E207F00E76FD4 /* Resources */,
			);
			buildRules = (
			);
			dependencies = (
			);
			name = BabySleepTracker;
			packageProductDependencies = (
				FAB4BAFE2FE1D59700702F49 /* GoogleGenerativeAI */,
			);
			productName = BabySleepTracker;
			productReference = FAEF10402F4E207F00E76FD4 /* BabySleepTracker.app */;
			productType = "com.apple.product-type.application";
		};
/* End PBXNativeTarget section */

/* Begin PBXProject section */
		FAEF10382F4E207F00E76FD4 /* Project object */ = {
			isa = PBXProject;
			attributes = {
				BuildIndependentTargetsInParallel = YES;
				LastSwiftUpdateCheck = 1420;
				LastUpgradeCheck = 1420;
				TargetAttributes = {
					FA5488CF2FAEB964002BC18B = {
						CreatedOnToolsVersion = 14.2;
						TestTargetID = FAEF103F2F4E207F00E76FD4;
					};
					FAEF103F2F4E207F00E76FD4 = {
						CreatedOnToolsVersion = 14.2;
					};
				};
			};
			buildConfigurationList = FAEF103B2F4E207F00E76FD4 /* Build configuration list for PBXProject "BabySleepTracker" */;
			compatibilityVersion = "Xcode 14.0";
			developmentRegion = en;
			hasScannedForEncodings = 0;
			knownRegions = (
				en,
				Base,
			);
			mainGroup = FAEF10372F4E207F00E76FD4;
			packageReferences = (
				FAB4BAFD2FE1D59700702F49 /* XCRemoteSwiftPackageReference "generative-ai-swift" */,
			);
			productRefGroup = FAEF10412F4E207F00E76FD4 /* Products */;
			projectDirPath = "";
			projectRoot = "";
			targets = (
				FAEF103F2F4E207F00E76FD4 /* BabySleepTracker */,
				FA5488CF2FAEB964002BC18B /* BabySleepTrackerTests */,
			);
		};
/* End PBXProject section */

/* Begin PBXResourcesBuildPhase section */
		FA5488CE2FAEB964002BC18B /* Resources */ = {
			isa = PBXResourcesBuildPhase;
			buildActionMask = 2147483647;
			files = (
			);
			runOnlyForDeploymentPostprocessing = 0;
		};
		FAEF103E2F4E207F00E76FD4 /* Resources */ = {
			isa = PBXResourcesBuildPhase;
			buildActionMask = 2147483647;
			files = (
				FAEF104B2F4E208000E76FD4 /* Preview Assets.xcassets in Resources */,
				FAB4BB012FE204A200702F49 /* APIConfig.xcconfig in Resources */,
				FAEF10482F4E208000E76FD4 /* Assets.xcassets in Resources */,
			);
			runOnlyForDeploymentPostprocessing = 0;
		};
/* End PBXResourcesBuildPhase section */

/* Begin PBXSourcesBuildPhase section */
		FA5488CC2FAEB964002BC18B /* Sources */ = {
			isa = PBXSourcesBuildPhase;
			buildActionMask = 2147483647;
			files = (
				FA04E41D30325A6900EFF932 /* TimeFormatTests.swift in Sources */,
				FA04E41B303258E800EFF932 /* SegmentKindTests.swift in Sources */,
				FA04E4133032501500EFF932 /* DayDetailViewModelTests.swift in Sources */,
				FA41DF623033849F005F63A3 /* NightPredictionAgentTests.swift in Sources */,
				FA04E41F30325C8700EFF932 /* AgeBasedSleepProfileTests.swift in Sources */,
				FA41DF5E303380BF005F63A3 /* DaytimePredictionAgentTests.swift in Sources */,
				FA5488DA2FAEB98D002BC18B /* AddRecorViewModelTests.swift in Sources */,
				FA04E4173032567000EFF932 /* SleepListViewModelTests.swift in Sources */,
				FA04E4213032567000EFF932 /* SleepTimelineCalculatorTests.swift in Sources */,
				FA04E41130324F1100EFF932 /* SleepStoreTests.swift in Sources */,
				FA04E42330324F1100EFF932 /* SleepRecordPersistenceTests.swift in Sources */,
				FA04E42530324F1100EFF932 /* SleepOverviewCalculatorTests.swift in Sources */,
				FA04E42730324F1100EFF932 /* DailyWakeRecordPersistenceTests.swift in Sources */,
				FA04E40D3030E00A00EFF932 /* Llmresponseparsingpropertytests .swift in Sources */,
				FA04E415303252AC00EFF932 /* AuthFlowTests.swift in Sources */,
				FA04E40F30324CF100EFF932 /* SleepRecordTests.swift in Sources */,
				FA41DF5A30326396005F63A3 /* InsightAgentTests.swift in Sources */,
				FA41DF5C303264BF005F63A3 /* NapTransitionAgentTests.swift in Sources */,
				FA41DF5830326067005F63A3 /* SleepCoachOrchestratorTests.swift in Sources */,
				FA41DF683033B5D4005F63A3 /* BabyAgeCalculatorTests.swift in Sources */,
				FA04E4193032585000EFF932 /* DailyWakeRecordTests.swift in Sources */,
				FA5488DC2FAEBBD4002BC18B /* SleepAPITests.swift in Sources */,
				FA5488D32FAEB964002BC18B /* BabySleepTrackerTests.swift in Sources */,
				FA41DF60303382D9005F63A3 /* OvertiredCalculatorTests.swift in Sources */,
				FA41DF663033B1DD005F63A3 /* Patternagentcontracttests.swift in Sources */,
				FA04E40B3030DF6700EFF932 /* Ruleenginecontracttests.swift in Sources */,
			);
			runOnlyForDeploymentPostprocessing = 0;
		};
		FAEF103C2F4E207F00E76FD4 /* Sources */ = {
			isa = PBXSourcesBuildPhase;
			buildActionMask = 2147483647;
			files = (
				FAEF106A2F4E5D0100E76FD4 /* DayDetailViewModel.swift in Sources */,
				FA7232EA2FDD8F2B00647487 /* APIConfig.swift in Sources */,
				FA9DB0A52FD49E91000B9211 /* LandingView.swift in Sources */,
				FA41DF64303396B4005F63A3 /* BabyAgeCalculator.swift in Sources */,
				FA9DB09D2FD44997000B9211 /* InsightView.swift in Sources */,
				FAEF10502F4E208000E76FD4 /* BabySleepTracker.xcdatamodeld in Sources */,
				FA9DB09F2FD44B3F000B9211 /* SettingView.swift in Sources */,
				FA91C5E82FDB472E0089E1EE /* InsightAgent.swift in Sources */,
				FAB4BAFC2FE11F9800702F49 /* ProfileEditSheet.swift in Sources */,
				FA5488CB2FAEB831002BC18B /* SleepAPI.swift in Sources */,
				FAEF105B2F4E210600E76FD4 /* SleepRecord.swift in Sources */,
				FAEF10592F4E20D600E76FD4 /* AddRecordView.swift in Sources */,
				FA7232D92FDCC73400647487 /* AgeBasedSleepProfile.swift in Sources */,
				FA7232DB2FDCC7AE00647487 /* OvertiredCalculator.swift in Sources */,
				FAEF105D2F4E212F00E76FD4 /* TimeFormat.swift in Sources */,
				FA9DB0A32FD49E6B000B9211 /* LoginView.swift in Sources */,
				FAEF106C2F4FA0C800E76FD4 /* SegmentKind.swift in Sources */,
				FAAD82D02FDBCE3C00F0FBC6 /* PhaseAgentProtocol.swift in Sources */,
				FA9DB0A72FD49EB9000B9211 /* AuthFlow.swift in Sources */,
				FAEF10722F536DB200E76FD4 /* NapPickerView.swift in Sources */,
				FAEF106E2F53066D00E76FD4 /* AddBreakView.swift in Sources */,
				FA9DB0A92FD49ED4000B9211 /* CreateAccountView.swift in Sources */,
				FAEF10572F4E20BC00E76FD4 /* DayDetailView.swift in Sources */,
				FAEF104D2F4E208000E76FD4 /* SleepStore.swift in Sources */,
				FAEF10742F530D3100E76FD4 /* SleepTimelineCalculator.swift in Sources */,
				FAEF10762F530D3100E76FD4 /* SleepRecordPersistence.swift in Sources */,
				FAEF10782F530D3100E76FD4 /* SleepOverviewCalculator.swift in Sources */,
				FAEF107A2F530D3100E76FD4 /* DailyWakeRecordPersistence.swift in Sources */,
				FA7232E12FDCCB1D00647487 /* NightPredictionAgent.swift in Sources */,
				FAEF10662F4E5A1E00E76FD4 /* SleepListViewModel.swift in Sources */,
				FAD9C3742FDBD14100A7D9B7 /* PatternAgentProtocol.swift in Sources */,
				FA9DB09B2FD44532000B9211 /* HistoryView.swift in Sources */,
				FA7232E32FDCCC6500647487 /* Date+Extensions.swift in Sources */,
				FAEF10682F4E5A7200E76FD4 /* AddRecordViewModel.swift in Sources */,
				FAEF10462F4E207F00E76FD4 /* SleepListView.swift in Sources */,
				FAE100022FF9000100ABCDEF /* Components/CurrentSleepSessionCard.swift in Sources */,
				FA9DB0992FD37964000B9211 /* ContentView.swift in Sources */,
				FA7232DD2FDCC80200647487 /* NapTransitionAgent.swift in Sources */,
				FAEF10642F4E284100E76FD4 /* SleepKind.swift in Sources */,
				FAEF10702F530D3100E76FD4 /* SleepRecordRow.swift in Sources */,
				FA75A60D2FE60671008CA09C /* DailyWakeRecord.swift in Sources */,
				FA7232E52FDCCD6000647487 /* SleepCoachOrchestrator.swift in Sources */,
				FA91C5E02FDB46270089E1EE /* SleepMemoryStore.swift in Sources */,
				FAEF10442F4E207F00E76FD4 /* BabySleepTrackerApp.swift in Sources */,
				FA7232DF2FDCC8EC00647487 /* DaytimePredictionAgent.swift in Sources */,
				FA7232E72FDD8D6D00647487 /* SleepCoachLLMAgent.swift in Sources */,
				FAD9C3722FDBD0CA00A7D9B7 /* PatternAgent.swift in Sources */,
				FAAD82CE2FDBCDF100F0FBC6 /* PhaseAgent.swift in Sources */,
			);
			runOnlyForDeploymentPostprocessing = 0;
		};
/* End PBXSourcesBuildPhase section */

/* Begin PBXTargetDependency section */
		FA5488D52FAEB964002BC18B /* PBXTargetDependency */ = {
			isa = PBXTargetDependency;
			target = FAEF103F2F4E207F00E76FD4 /* BabySleepTracker */;
			targetProxy = FA5488D42FAEB964002BC18B /* PBXContainerItemProxy */;
		};
/* End PBXTargetDependency section */

/* Begin XCBuildConfiguration section */
		FA5488D72FAEB964002BC18B /* Debug */ = {
			isa = XCBuildConfiguration;
			buildSettings = {
				BUNDLE_LOADER = "$(TEST_HOST)";
				CODE_SIGN_STYLE = Automatic;
				CURRENT_PROJECT_VERSION = 1;
				DEVELOPMENT_TEAM = 2GF6Y44N8Z;
				GENERATE_INFOPLIST_FILE = YES;
				MARKETING_VERSION = 1.0;
				PRODUCT_BUNDLE_IDENTIFIER = com.BabySleepTrackerTests;
				PRODUCT_NAME = "$(TARGET_NAME)";
				SWIFT_EMIT_LOC_STRINGS = NO;
				SWIFT_VERSION = 5.0;
				TARGETED_DEVICE_FAMILY = "1,2";
				TEST_HOST = "$(BUILT_PRODUCTS_DIR)/BabySleepTracker.app/$(BUNDLE_EXECUTABLE_FOLDER_PATH)/BabySleepTracker";
			};
			name = Debug;
		};
		FA5488D82FAEB964002BC18B /* Release */ = {
			isa = XCBuildConfiguration;
			buildSettings = {
				BUNDLE_LOADER = "$(TEST_HOST)";
				CODE_SIGN_STYLE = Automatic;
				CURRENT_PROJECT_VERSION = 1;
				DEVELOPMENT_TEAM = 2GF6Y44N8Z;
				GENERATE_INFOPLIST_FILE = YES;
				MARKETING_VERSION = 1.0;
				PRODUCT_BUNDLE_IDENTIFIER = com.BabySleepTrackerTests;
				PRODUCT_NAME = "$(TARGET_NAME)";
				SWIFT_EMIT_LOC_STRINGS = NO;
				SWIFT_VERSION = 5.0;
				TARGETED_DEVICE_FAMILY = "1,2";
				TEST_HOST = "$(BUILT_PRODUCTS_DIR)/BabySleepTracker.app/$(BUNDLE_EXECUTABLE_FOLDER_PATH)/BabySleepTracker";
			};
			name = Release;
		};
		FAEF10512F4E208000E76FD4 /* Debug */ = {
			isa = XCBuildConfiguration;
			baseConfigurationReference = FAB4BB002FE204A200702F49 /* APIConfig.xcconfig */;
			buildSettings = {
				ALWAYS_SEARCH_USER_PATHS = NO;
				CLANG_ANALYZER_NONNULL = YES;
				CLANG_ANALYZER_NUMBER_OBJECT_CONVERSION = YES_AGGRESSIVE;
				CLANG_CXX_LANGUAGE_STANDARD = "gnu++20";
				CLANG_ENABLE_MODULES = YES;
				CLANG_ENABLE_OBJC_ARC = YES;
				CLANG_ENABLE_OBJC_WEAK = YES;
				CLANG_WARN_BLOCK_CAPTURE_AUTORELEASING = YES;
				CLANG_WARN_BOOL_CONVERSION = YES;
				CLANG_WARN_COMMA = YES;
				CLANG_WARN_CONSTANT_CONVERSION = YES;
				CLANG_WARN_DEPRECATED_OBJC_IMPLEMENTATIONS = YES;
				CLANG_WARN_DIRECT_OBJC_ISA_USAGE = YES_ERROR;
				CLANG_WARN_DOCUMENTATION_COMMENTS = YES;
				CLANG_WARN_EMPTY_BODY = YES;
				CLANG_WARN_ENUM_CONVERSION = YES;
				CLANG_WARN_INFINITE_RECURSION = YES;
				CLANG_WARN_INT_CONVERSION = YES;
				CLANG_WARN_NON_LITERAL_NULL_CONVERSION = YES;
				CLANG_WARN_OBJC_IMPLICIT_RETAIN_SELF = YES;
				CLANG_WARN_OBJC_LITERAL_CONVERSION = YES;
				CLANG_WARN_OBJC_ROOT_CLASS = YES_ERROR;
				CLANG_WARN_QUOTED_INCLUDE_IN_FRAMEWORK_HEADER = YES;
				CLANG_WARN_RANGE_LOOP_ANALYSIS = YES;
				CLANG_WARN_STRICT_PROTOTYPES = YES;
				CLANG_WARN_SUSPICIOUS_MOVE = YES;
				CLANG_WARN_UNGUARDED_AVAILABILITY = YES_AGGRESSIVE;
				CLANG_WARN_UNREACHABLE_CODE = YES;
				CLANG_WARN__DUPLICATE_METHOD_MATCH = YES;
				COPY_PHASE_STRIP = NO;
				DEBUG_INFORMATION_FORMAT = dwarf;
				ENABLE_STRICT_OBJC_MSGSEND = YES;
				ENABLE_TESTABILITY = YES;
				GCC_C_LANGUAGE_STANDARD = gnu11;
				GCC_DYNAMIC_NO_PIC = NO;
				GCC_NO_COMMON_BLOCKS = YES;
				GCC_OPTIMIZATION_LEVEL = 0;
				GCC_PREPROCESSOR_DEFINITIONS = (
					"DEBUG=1",
					"$(inherited)",
				);
				GCC_WARN_64_TO_32_BIT_CONVERSION = YES;
				GCC_WARN_ABOUT_RETURN_TYPE = YES_ERROR;
				GCC_WARN_UNDECLARED_SELECTOR = YES;
				GCC_WARN_UNINITIALIZED_AUTOS = YES_AGGRESSIVE;
				GCC_WARN_UNUSED_FUNCTION = YES;
				GCC_WARN_UNUSED_VARIABLE = YES;
				IPHONEOS_DEPLOYMENT_TARGET = 16.2;
				MTL_ENABLE_DEBUG_INFO = INCLUDE_SOURCE;
				MTL_FAST_MATH = YES;
				ONLY_ACTIVE_ARCH = YES;
				SDKROOT = iphoneos;
				SWIFT_ACTIVE_COMPILATION_CONDITIONS = DEBUG;
				SWIFT_OPTIMIZATION_LEVEL = "-Onone";
			};
			name = Debug;
		};
		FAEF10522F4E208000E76FD4 /* Release */ = {
			isa = XCBuildConfiguration;
			baseConfigurationReference = FAB4BB002FE204A200702F49 /* APIConfig.xcconfig */;
			buildSettings = {
				ALWAYS_SEARCH_USER_PATHS = NO;
				CLANG_ANALYZER_NONNULL = YES;
				CLANG_ANALYZER_NUMBER_OBJECT_CONVERSION = YES_AGGRESSIVE;
				CLANG_CXX_LANGUAGE_STANDARD = "gnu++20";
				CLANG_ENABLE_MODULES = YES;
				CLANG_ENABLE_OBJC_ARC = YES;
				CLANG_ENABLE_OBJC_WEAK = YES;
				CLANG_WARN_BLOCK_CAPTURE_AUTORELEASING = YES;
				CLANG_WARN_BOOL_CONVERSION = YES;
				CLANG_WARN_COMMA = YES;
				CLANG_WARN_CONSTANT_CONVERSION = YES;
				CLANG_WARN_DEPRECATED_OBJC_IMPLEMENTATIONS = YES;
				CLANG_WARN_DIRECT_OBJC_ISA_USAGE = YES_ERROR;
				CLANG_WARN_DOCUMENTATION_COMMENTS = YES;
				CLANG_WARN_EMPTY_BODY = YES;
				CLANG_WARN_ENUM_CONVERSION = YES;
				CLANG_WARN_INFINITE_RECURSION = YES;
				CLANG_WARN_INT_CONVERSION = YES;
				CLANG_WARN_NON_LITERAL_NULL_CONVERSION = YES;
				CLANG_WARN_OBJC_IMPLICIT_RETAIN_SELF = YES;
				CLANG_WARN_OBJC_LITERAL_CONVERSION = YES;
				CLANG_WARN_OBJC_ROOT_CLASS = YES_ERROR;
				CLANG_WARN_QUOTED_INCLUDE_IN_FRAMEWORK_HEADER = YES;
				CLANG_WARN_RANGE_LOOP_ANALYSIS = YES;
				CLANG_WARN_STRICT_PROTOTYPES = YES;
				CLANG_WARN_SUSPICIOUS_MOVE = YES;
				CLANG_WARN_UNGUARDED_AVAILABILITY = YES_AGGRESSIVE;
				CLANG_WARN_UNREACHABLE_CODE = YES;
				CLANG_WARN__DUPLICATE_METHOD_MATCH = YES;
				COPY_PHASE_STRIP = NO;
				DEBUG_INFORMATION_FORMAT = "dwarf-with-dsym";
				ENABLE_NS_ASSERTIONS = NO;
				ENABLE_STRICT_OBJC_MSGSEND = YES;
				GCC_C_LANGUAGE_STANDARD = gnu11;
				GCC_NO_COMMON_BLOCKS = YES;
				GCC_WARN_64_TO_32_BIT_CONVERSION = YES;
				GCC_WARN_ABOUT_RETURN_TYPE = YES_ERROR;
				GCC_WARN_UNDECLARED_SELECTOR = YES;
				GCC_WARN_UNINITIALIZED_AUTOS = YES_AGGRESSIVE;
				GCC_WARN_UNUSED_FUNCTION = YES;
				GCC_WARN_UNUSED_VARIABLE = YES;
				IPHONEOS_DEPLOYMENT_TARGET = 16.2;
				MTL_ENABLE_DEBUG_INFO = NO;
				MTL_FAST_MATH = YES;
				SDKROOT = iphoneos;
				SWIFT_COMPILATION_MODE = wholemodule;
				SWIFT_OPTIMIZATION_LEVEL = "-O";
				VALIDATE_PRODUCT = YES;
			};
			name = Release;
		};
		FAEF10542F4E208000E76FD4 /* Debug */ = {
			isa = XCBuildConfiguration;
			baseConfigurationReference = FAB4BB002FE204A200702F49 /* APIConfig.xcconfig */;
			buildSettings = {
				ASSETCATALOG_COMPILER_APPICON_NAME = AppIcon;
				ASSETCATALOG_COMPILER_GLOBAL_ACCENT_COLOR_NAME = AccentColor;
				CODE_SIGN_STYLE = Automatic;
				CURRENT_PROJECT_VERSION = 1;
				DEVELOPMENT_ASSET_PATHS = "\"BabySleepTracker/Preview Content\"";
				DEVELOPMENT_TEAM = 2GF6Y44N8Z;
				ENABLE_PREVIEWS = YES;
				GENERATE_INFOPLIST_FILE = YES;
				INFOPLIST_FILE = BabySleepTracker/Info.plist;
				INFOPLIST_KEY_NSPhotoLibraryAddUsageDescription = "BabySleepTracker needs access to your photo library so you can choose a profile photo for your baby.";
				INFOPLIST_KEY_UIApplicationSceneManifest_Generation = YES;
				INFOPLIST_KEY_UIApplicationSupportsIndirectInputEvents = YES;
				INFOPLIST_KEY_UILaunchScreen_Generation = YES;
				INFOPLIST_KEY_UISupportedInterfaceOrientations_iPad = "UIInterfaceOrientationPortrait UIInterfaceOrientationPortraitUpsideDown UIInterfaceOrientationLandscapeLeft UIInterfaceOrientationLandscapeRight";
				INFOPLIST_KEY_UISupportedInterfaceOrientations_iPhone = "UIInterfaceOrientationPortrait UIInterfaceOrientationLandscapeLeft UIInterfaceOrientationLandscapeRight";
				LD_RUNPATH_SEARCH_PATHS = (
					"$(inherited)",
					"@executable_path/Frameworks",
				);
				MARKETING_VERSION = 1.0;
				PRODUCT_BUNDLE_IDENTIFIER = com.BabySleepTracker;
				PRODUCT_NAME = "$(TARGET_NAME)";
				SWIFT_EMIT_LOC_STRINGS = YES;
				SWIFT_VERSION = 5.0;
				TARGETED_DEVICE_FAMILY = "1,2";
			};
			name = Debug;
		};
		FAEF10552F4E208000E76FD4 /* Release */ = {
			isa = XCBuildConfiguration;
			baseConfigurationReference = FAB4BB002FE204A200702F49 /* APIConfig.xcconfig */;
			buildSettings = {
				ASSETCATALOG_COMPILER_APPICON_NAME = AppIcon;
				ASSETCATALOG_COMPILER_GLOBAL_ACCENT_COLOR_NAME = AccentColor;
				CODE_SIGN_STYLE = Automatic;
				CURRENT_PROJECT_VERSION = 1;
				DEVELOPMENT_ASSET_PATHS = "\"BabySleepTracker/Preview Content\"";
				DEVELOPMENT_TEAM = 2GF6Y44N8Z;
				ENABLE_PREVIEWS = YES;
				GENERATE_INFOPLIST_FILE = YES;
				INFOPLIST_FILE = BabySleepTracker/Info.plist;
				INFOPLIST_KEY_NSPhotoLibraryAddUsageDescription = "BabySleepTracker needs access to your photo library so you can choose a profile photo for your baby.";
				INFOPLIST_KEY_UIApplicationSceneManifest_Generation = YES;
				INFOPLIST_KEY_UIApplicationSupportsIndirectInputEvents = YES;
				INFOPLIST_KEY_UILaunchScreen_Generation = YES;
				INFOPLIST_KEY_UISupportedInterfaceOrientations_iPad = "UIInterfaceOrientationPortrait UIInterfaceOrientationPortraitUpsideDown UIInterfaceOrientationLandscapeLeft UIInterfaceOrientationLandscapeRight";
				INFOPLIST_KEY_UISupportedInterfaceOrientations_iPhone = "UIInterfaceOrientationPortrait UIInterfaceOrientationLandscapeLeft UIInterfaceOrientationLandscapeRight";
				LD_RUNPATH_SEARCH_PATHS = (
					"$(inherited)",
					"@executable_path/Frameworks",
				);
				MARKETING_VERSION = 1.0;
				PRODUCT_BUNDLE_IDENTIFIER = com.BabySleepTracker;
				PRODUCT_NAME = "$(TARGET_NAME)";
				SWIFT_EMIT_LOC_STRINGS = YES;
				SWIFT_VERSION = 5.0;
				TARGETED_DEVICE_FAMILY = "1,2";
			};
			name = Release;
		};
/* End XCBuildConfiguration section */

/* Begin XCConfigurationList section */
		FA5488D62FAEB964002BC18B /* Build configuration list for PBXNativeTarget "BabySleepTrackerTests" */ = {
			isa = XCConfigurationList;
			buildConfigurations = (
				FA5488D72FAEB964002BC18B /* Debug */,
				FA5488D82FAEB964002BC18B /* Release */,
			);
			defaultConfigurationIsVisible = 0;
			defaultConfigurationName = Release;
		};
		FAEF103B2F4E207F00E76FD4 /* Build configuration list for PBXProject "BabySleepTracker" */ = {
			isa = XCConfigurationList;
			buildConfigurations = (
				FAEF10512F4E208000E76FD4 /* Debug */,
				FAEF10522F4E208000E76FD4 /* Release */,
			);
			defaultConfigurationIsVisible = 0;
			defaultConfigurationName = Release;
		};
		FAEF10532F4E208000E76FD4 /* Build configuration list for PBXNativeTarget "BabySleepTracker" */ = {
			isa = XCConfigurationList;
			buildConfigurations = (
				FAEF10542F4E208000E76FD4 /* Debug */,
				FAEF10552F4E208000E76FD4 /* Release */,
			);
			defaultConfigurationIsVisible = 0;
			defaultConfigurationName = Release;
		};
/* End XCConfigurationList section */

/* Begin XCRemoteSwiftPackageReference section */
		FAB4BAFD2FE1D59700702F49 /* XCRemoteSwiftPackageReference "generative-ai-swift" */ = {
			isa = XCRemoteSwiftPackageReference;
			repositoryURL = "https://github.com/google/generative-ai-swift";
			requirement = {
				kind = upToNextMajorVersion;
				minimumVersion = 0.5.6;
			};
		};
/* End XCRemoteSwiftPackageReference section */

/* Begin XCSwiftPackageProductDependency section */
		FAB4BAFE2FE1D59700702F49 /* GoogleGenerativeAI */ = {
			isa = XCSwiftPackageProductDependency;
			package = FAB4BAFD2FE1D59700702F49 /* XCRemoteSwiftPackageReference "generative-ai-swift" */;
			productName = GoogleGenerativeAI;
		};
/* End XCSwiftPackageProductDependency section */

/* Begin XCVersionGroup section */
		FAEF104E2F4E208000E76FD4 /* BabySleepTracker.xcdatamodeld */ = {
			isa = XCVersionGroup;
			children = (
				FAEF104F2F4E208000E76FD4 /* BabySleepTracker.xcdatamodel */,
			);
			currentVersion = FAEF104F2F4E208000E76FD4 /* BabySleepTracker.xcdatamodel */;
			path = BabySleepTracker.xcdatamodeld;
			sourceTree = "<group>";
			versionGroupType = wrapper.xcdatamodel;
		};
/* End XCVersionGroup section */
	};
	rootObject = FAEF10382F4E207F00E76FD4 /* Project object */;
}
